
Microsoft Visual Studio Solution File, Format Version 12.00
# Visual Studio 15
VisualStudioVersion = 15.0.28307.489
MinimumVisualStudioVersion = 10.0.40219.1
Project("{FAE04EC0-301F-11D3-BF4B-00C04F79EFBC}") = "Vidly", "Vidly\Vidly.csproj", "{E777B61D-47D2-45A4-BAA3-9F76C54FA798}"
EndProject
Global
	GlobalSection(SolutionConfigurationPlatforms) = preSolution
		Debug|Any CPU = Debug|Any CPU
		Release|Any CPU = Release|Any CPU
		testing|Any CPU = testing|Any CPU
	EndGlobalSection
	GlobalSection(ProjectConfigurationPlatforms) = postSolution
		{E777B61D-47D2-45A4-BAA3-9F76C54FA798}.Debug|Any CPU.ActiveCfg = Debug|Any CPU
		{E777B61D-47D2-45A4-BAA3-9F76C54FA798}.Debug|Any CPU.Build.0 = Debug|Any CPU
		{E777B61D-47D2-45A4-BAA3-9F76C54FA798}.Release|Any CPU.ActiveCfg = Release|Any CPU
		{E777B61D-47D2-45A4-BAA3-9F76C54FA798}.Release|Any CPU.Build.0 = Release|Any CPU
		{E777B61D-47D2-45A4-BAA3-9F76C54FA798}.testing|Any CPU.ActiveCfg = testing|Any CPU
		{E777B61D-47D2-45A4-BAA3-9F76C54FA798}.testing|Any CPU.Build.0 = testing|Any CPU
	EndGlobalSection
	GlobalSection(SolutionProperties) = preSolution
		HideSolutionNode = FALSE
	EndGlobalSection
	GlobalSection(ExtensibilityGlobals) = postSolution
		SolutionGuid = {0404121F-5FC3-41A8-8C2F-EEB4A79A3DB1}
	EndGlobalSection
EndGlobal
